// !$*UTF8*$!
{
	archiveVersion = 1;
	classes = {
	};
	objectVersion = 46;
	objects = {

/* Begin PBXBuildFile section */
		E50E78151A1B520100AB6940 /* SettingsTableViewController.swift in Sources */ = {isa = PBXBuildFile; fileRef = E50E78141A1B520100AB6940 /* SettingsTableViewController.swift */; };
		E5238D451A18A22C00971A24 /* AccountCreationViewController.swift in Sources */ = {isa = PBXBuildFile; fileRef = E5238D441A18A22C00971A24 /* AccountCreationViewController.swift */; };
		E5238D471A18A2A400971A24 /* LoggedIn.swift in Sources */ = {isa = PBXBuildFile; fileRef = E5238D461A18A2A400971A24 /* LoggedIn.swift */; };
		E5238D4B1A18B38900971A24 /* Color_strip.jpg in Resources */ = {isa = PBXBuildFile; fileRef = E5238D4A1A18B38900971A24 /* Color_strip.jpg */; };
		E54986BC1A1AFB070008E36F /* face_100x100.png in Resources */ = {isa = PBXBuildFile; fileRef = E54986BB1A1AFB070008E36F /* face_100x100.png */; };
		E5AC1CF01A1C09AE00517A89 /* Main.storyboard in Resources */ = {isa = PBXBuildFile; fileRef = E5AC1CEE1A1C09AE00517A89 /* Main.storyboard */; };
		E5BC884E1A1C705400D3D0A5 /* face0.png in Resources */ = {isa = PBXBuildFile; fileRef = E5BC884D1A1C705400D3D0A5 /* face0.png */; };
		E5BC88501A1C711900D3D0A5 /* face2.png in Resources */ = {isa = PBXBuildFile; fileRef = E5BC884F1A1C711900D3D0A5 /* face2.png */; };
		E5BC88521A1C71A300D3D0A5 /* face3.png in Resources */ = {isa = PBXBuildFile; fileRef = E5BC88511A1C71A300D3D0A5 /* face3.png */; };
		E5BC88541A1C775700D3D0A5 /* AboutThePersonViewController.swift in Sources */ = {isa = PBXBuildFile; fileRef = E5BC88531A1C775700D3D0A5 /* AboutThePersonViewController.swift */; };
		E5BC88561A1C77F000D3D0A5 /* LaunchScreen.storyboard in Resources */ = {isa = PBXBuildFile; fileRef = E5BC88551A1C77F000D3D0A5 /* LaunchScreen.storyboard */; };
		E5BC88581A1CB2DF00D3D0A5 /* SetUpMoreInfoTableViewController.swift in Sources */ = {isa = PBXBuildFile; fileRef = E5BC88571A1CB2DF00D3D0A5 /* SetUpMoreInfoTableViewController.swift */; };
		E5BC8FEC1A1AFFC40059BF75 /* face1.png in Resources */ = {isa = PBXBuildFile; fileRef = E5BC8FEB1A1AFFC40059BF75 /* face1.png */; };
		E5BE00A81A1D220500543FE8 /* AgeSelectionViewController.swift in Sources */ = {isa = PBXBuildFile; fileRef = E5BE00A71A1D220500543FE8 /* AgeSelectionViewController.swift */; };
		E5BE00AE1A1D32AE00543FE8 /* InterestsMainTableViewController.swift in Sources */ = {isa = PBXBuildFile; fileRef = E5BE00AD1A1D32AE00543FE8 /* InterestsMainTableViewController.swift */; };
		E5E6BC881A12E86000972580 /* AppDelegate.swift in Sources */ = {isa = PBXBuildFile; fileRef = E5E6BC871A12E86000972580 /* AppDelegate.swift */; };
		E5E6BC8A1A12E86000972580 /* ViewController.swift in Sources */ = {isa = PBXBuildFile; fileRef = E5E6BC891A12E86000972580 /* ViewController.swift */; };
		E5E6BC8F1A12E86000972580 /* Images.xcassets in Resources */ = {isa = PBXBuildFile; fileRef = E5E6BC8E1A12E86000972580 /* Images.xcassets */; };
		E5E6BC9E1A12E86000972580 /* Connect2UTests.swift in Sources */ = {isa = PBXBuildFile; fileRef = E5E6BC9D1A12E86000972580 /* Connect2UTests.swift */; };
		E5E6BCA91A12E9C800972580 /* Bolts.framework in Frameworks */ = {isa = PBXBuildFile; fileRef = E5E6BCA71A12E9C800972580 /* Bolts.framework */; };
		E5E6BCAA1A12E9C800972580 /* Parse.framework in Frameworks */ = {isa = PBXBuildFile; fileRef = E5E6BCA81A12E9C800972580 /* Parse.framework */; };
		E5E6BCB51A12EA1800972580 /* AudioToolbox.framework in Frameworks */ = {isa = PBXBuildFile; fileRef = E5E6BCAB1A12EA1800972580 /* AudioToolbox.framework */; };
		E5E6BCB61A12EA1800972580 /* CFNetwork.framework in Frameworks */ = {isa = PBXBuildFile; fileRef = E5E6BCAC1A12EA1800972580 /* CFNetwork.framework */; };
		E5E6BCB71A12EA1800972580 /* CoreGraphics.framework in Frameworks */ = {isa = PBXBuildFile; fileRef = E5E6BCAD1A12EA1800972580 /* CoreGraphics.framework */; };
		E5E6BCB81A12EA1800972580 /* CoreLocation.framework in Frameworks */ = {isa = PBXBuildFile; fileRef = E5E6BCAE1A12EA1800972580 /* CoreLocation.framework */; };
		E5E6BCB91A12EA1800972580 /* libz.dylib in Frameworks */ = {isa = PBXBuildFile; fileRef = E5E6BCAF1A12EA1800972580 /* libz.dylib */; };
		E5E6BCBA1A12EA1800972580 /* MobileCoreServices.framework in Frameworks */ = {isa = PBXBuildFile; fileRef = E5E6BCB01A12EA1800972580 /* MobileCoreServices.framework */; };
		E5E6BCBB1A12EA1800972580 /* QuartzCore.framework in Frameworks */ = {isa = PBXBuildFile; fileRef = E5E6BCB11A12EA1800972580 /* QuartzCore.framework */; };
		E5E6BCBC1A12EA1800972580 /* Security.framework in Frameworks */ = {isa = PBXBuildFile; fileRef = E5E6BCB21A12EA1800972580 /* Security.framework */; };
		E5E6BCBD1A12EA1800972580 /* StoreKit.framework in Frameworks */ = {isa = PBXBuildFile; fileRef = E5E6BCB31A12EA1800972580 /* StoreKit.framework */; };
		E5E6BCBE1A12EA1800972580 /* SystemConfiguration.framework in Frameworks */ = {isa = PBXBuildFile; fileRef = E5E6BCB41A12EA1800972580 /* SystemConfiguration.framework */; };
/* End PBXBuildFile section */

/* Begin PBXContainerItemProxy section */
		E5E6BC981A12E86000972580 /* PBXContainerItemProxy */ = {
			isa = PBXContainerItemProxy;
			containerPortal = E5E6BC7A1A12E86000972580 /* Project object */;
			proxyType = 1;
			remoteGlobalIDString = E5E6BC811A12E86000972580;
			remoteInfo = Connect2U;
		};
/* End PBXContainerItemProxy section */

/* Begin PBXFileReference section */
		E50E78141A1B520100AB6940 /* SettingsTableViewController.swift */ = {isa = PBXFileReference; fileEncoding = 4; lastKnownFileType = sourcecode.swift; path = SettingsTableViewController.swift; sourceTree = "<group>"; };
		E5238D441A18A22C00971A24 /* AccountCreationViewController.swift */ = {isa = PBXFileReference; fileEncoding = 4; lastKnownFileType = sourcecode.swift; path = AccountCreationViewController.swift; sourceTree = "<group>"; };
		E5238D461A18A2A400971A24 /* LoggedIn.swift */ = {isa = PBXFileReference; fileEncoding = 4; lastKnownFileType = sourcecode.swift; path = LoggedIn.swift; sourceTree = "<group>"; };
		E5238D4A1A18B38900971A24 /* Color_strip.jpg */ = {isa = PBXFileReference; lastKnownFileType = image.jpeg; path = Color_strip.jpg; sourceTree = "<group>"; };
		E54986BB1A1AFB070008E36F /* face_100x100.png */ = {isa = PBXFileReference; lastKnownFileType = image.png; path = face_100x100.png; sourceTree = "<group>"; };
		E5AC1CEF1A1C09AE00517A89 /* Base */ = {isa = PBXFileReference; lastKnownFileType = file.storyboard; name = Base; path = Base.lproj/Main.storyboard; sourceTree = "<group>"; };
		E5BC884D1A1C705400D3D0A5 /* face0.png */ = {isa = PBXFileReference; lastKnownFileType = image.png; path = face0.png; sourceTree = "<group>"; };
		E5BC884F1A1C711900D3D0A5 /* face2.png */ = {isa = PBXFileReference; lastKnownFileType = image.png; path = face2.png; sourceTree = "<group>"; };
		E5BC88511A1C71A300D3D0A5 /* face3.png */ = {isa = PBXFileReference; lastKnownFileType = image.png; path = face3.png; sourceTree = "<group>"; };
		E5BC88531A1C775700D3D0A5 /* AboutThePersonViewController.swift */ = {isa = PBXFileReference; fileEncoding = 4; lastKnownFileType = sourcecode.swift; path = AboutThePersonViewController.swift; sourceTree = "<group>"; };
		E5BC88551A1C77F000D3D0A5 /* LaunchScreen.storyboard */ = {isa = PBXFileReference; fileEncoding = 4; lastKnownFileType = file.storyboard; path = LaunchScreen.storyboard; sourceTree = "<group>"; };
		E5BC88571A1CB2DF00D3D0A5 /* SetUpMoreInfoTableViewController.swift */ = {isa = PBXFileReference; fileEncoding = 4; lastKnownFileType = sourcecode.swift; path = SetUpMoreInfoTableViewController.swift; sourceTree = "<group>"; };
		E5BC8FEB1A1AFFC40059BF75 /* face1.png */ = {isa = PBXFileReference; lastKnownFileType = image.png; path = face1.png; sourceTree = "<group>"; };
		E5BE00A71A1D220500543FE8 /* AgeSelectionViewController.swift */ = {isa = PBXFileReference; fileEncoding = 4; lastKnownFileType = sourcecode.swift; path = AgeSelectionViewController.swift; sourceTree = "<group>"; };
		E5BE00AD1A1D32AE00543FE8 /* InterestsMainTableViewController.swift */ = {isa = PBXFileReference; fileEncoding = 4; lastKnownFileType = sourcecode.swift; path = InterestsMainTableViewController.swift; sourceTree = "<group>"; };
		E5E6BC821A12E86000972580 /* Connect2U.app */ = {isa = PBXFileReference; explicitFileType = wrapper.application; includeInIndex = 0; path = Connect2U.app; sourceTree = BUILT_PRODUCTS_DIR; };
		E5E6BC861A12E86000972580 /* Info.plist */ = {isa = PBXFileReference; lastKnownFileType = text.plist.xml; path = Info.plist; sourceTree = "<group>"; };
		E5E6BC871A12E86000972580 /* AppDelegate.swift */ = {isa = PBXFileReference; lastKnownFileType = sourcecode.swift; path = AppDelegate.swift; sourceTree = "<group>"; };
		E5E6BC891A12E86000972580 /* ViewController.swift */ = {isa = PBXFileReference; lastKnownFileType = sourcecode.swift; path = ViewController.swift; sourceTree = "<group>"; };
		E5E6BC8E1A12E86000972580 /* Images.xcassets */ = {isa = PBXFileReference; lastKnownFileType = folder.assetcatalog; path = Images.xcassets; sourceTree = "<group>"; };
		E5E6BC971A12E86000972580 /* Connect2UTests.xctest */ = {isa = PBXFileReference; explicitFileType = wrapper.cfbundle; includeInIndex = 0; path = Connect2UTests.xctest; sourceTree = BUILT_PRODUCTS_DIR; };
		E5E6BC9C1A12E86000972580 /* Info.plist */ = {isa = PBXFileReference; lastKnownFileType = text.plist.xml; path = Info.plist; sourceTree = "<group>"; };
		E5E6BC9D1A12E86000972580 /* Connect2UTests.swift */ = {isa = PBXFileReference; lastKnownFileType = sourcecode.swift; path = Connect2UTests.swift; sourceTree = "<group>"; };
		E5E6BCA71A12E9C800972580 /* Bolts.framework */ = {isa = PBXFileReference; lastKnownFileType = wrapper.framework; name = Bolts.framework; path = "../../parse-library-1.5.0/Bolts.framework"; sourceTree = "<group>"; };
		E5E6BCA81A12E9C800972580 /* Parse.framework */ = {isa = PBXFileReference; lastKnownFileType = wrapper.framework; name = Parse.framework; path = "../../parse-library-1.5.0/Parse.framework"; sourceTree = "<group>"; };
		E5E6BCAB1A12EA1800972580 /* AudioToolbox.framework */ = {isa = PBXFileReference; lastKnownFileType = wrapper.framework; name = AudioToolbox.framework; path = System/Library/Frameworks/AudioToolbox.framework; sourceTree = SDKROOT; };
		E5E6BCAC1A12EA1800972580 /* CFNetwork.framework */ = {isa = PBXFileReference; lastKnownFileType = wrapper.framework; name = CFNetwork.framework; path = System/Library/Frameworks/CFNetwork.framework; sourceTree = SDKROOT; };
		E5E6BCAD1A12EA1800972580 /* CoreGraphics.framework */ = {isa = PBXFileReference; lastKnownFileType = wrapper.framework; name = CoreGraphics.framework; path = System/Library/Frameworks/CoreGraphics.framework; sourceTree = SDKROOT; };
		E5E6BCAE1A12EA1800972580 /* CoreLocation.framework */ = {isa = PBXFileReference; lastKnownFileType = wrapper.framework; name = CoreLocation.framework; path = System/Library/Frameworks/CoreLocation.framework; sourceTree = SDKROOT; };
		E5E6BCAF1A12EA1800972580 /* libz.dylib */ = {isa = PBXFileReference; lastKnownFileType = "compiled.mach-o.dylib"; name = libz.dylib; path = usr/lib/libz.dylib; sourceTree = SDKROOT; };
		E5E6BCB01A12EA1800972580 /* MobileCoreServices.framework */ = {isa = PBXFileReference; lastKnownFileType = wrapper.framework; name = MobileCoreServices.framework; path = System/Library/Frameworks/MobileCoreServices.framework; sourceTree = SDKROOT; };
		E5E6BCB11A12EA1800972580 /* QuartzCore.framework */ = {isa = PBXFileReference; lastKnownFileType = wrapper.framework; name = QuartzCore.framework; path = System/Library/Frameworks/QuartzCore.framework; sourceTree = SDKROOT; };
		E5E6BCB21A12EA1800972580 /* Security.framework */ = {isa = PBXFileReference; lastKnownFileType = wrapper.framework; name = Security.framework; path = System/Library/Frameworks/Security.framework; sourceTree = SDKROOT; };
		E5E6BCB31A12EA1800972580 /* StoreKit.framework */ = {isa = PBXFileReference; lastKnownFileType = wrapper.framework; name = StoreKit.framework; path = System/Library/Frameworks/StoreKit.framework; sourceTree = SDKROOT; };
		E5E6BCB41A12EA1800972580 /* SystemConfiguration.framework */ = {isa = PBXFileReference; lastKnownFileType = wrapper.framework; name = SystemConfiguration.framework; path = System/Library/Frameworks/SystemConfiguration.framework; sourceTree = SDKROOT; };
/* End PBXFileReference section */

/* Begin PBXFrameworksBuildPhase section */
		E5E6BC7F1A12E86000972580 /* Frameworks */ = {
			isa = PBXFrameworksBuildPhase;
			buildActionMask = 2147483647;
			files = (
				E5E6BCB51A12EA1800972580 /* AudioToolbox.framework in Frameworks */,
				E5E6BCB61A12EA1800972580 /* CFNetwork.framework in Frameworks */,
				E5E6BCB71A12EA1800972580 /* CoreGraphics.framework in Frameworks */,
				E5E6BCB81A12EA1800972580 /* CoreLocation.framework in Frameworks */,
				E5E6BCB91A12EA1800972580 /* libz.dylib in Frameworks */,
				E5E6BCBA1A12EA1800972580 /* MobileCoreServices.framework in Frameworks */,
				E5E6BCBB1A12EA1800972580 /* QuartzCore.framework in Frameworks */,
				E5E6BCBC1A12EA1800972580 /* Security.framework in Frameworks */,
				E5E6BCBD1A12EA1800972580 /* StoreKit.framework in Frameworks */,
				E5E6BCBE1A12EA1800972580 /* SystemConfiguration.framework in Frameworks */,
				E5E6BCA91A12E9C800972580 /* Bolts.framework in Frameworks */,
				E5E6BCAA1A12E9C800972580 /* Parse.framework in Frameworks */,
			);
			runOnlyForDeploymentPostprocessing = 0;
		};
		E5E6BC941A12E86000972580 /* Frameworks */ = {
			isa = PBXFrameworksBuildPhase;
			buildActionMask = 2147483647;
			files = (
			);
			runOnlyForDeploymentPostprocessing = 0;
		};
/* End PBXFrameworksBuildPhase section */

/* Begin PBXGroup section */
		E5E6BC791A12E86000972580 = {
			isa = PBXGroup;
			children = (
				E5E6BCAB1A12EA1800972580 /* AudioToolbox.framework */,
				E5E6BCAC1A12EA1800972580 /* CFNetwork.framework */,
				E5E6BCAD1A12EA1800972580 /* CoreGraphics.framework */,
				E5E6BCAE1A12EA1800972580 /* CoreLocation.framework */,
				E5E6BCAF1A12EA1800972580 /* libz.dylib */,
				E5E6BCB01A12EA1800972580 /* MobileCoreServices.framework */,
				E5E6BCB11A12EA1800972580 /* QuartzCore.framework */,
				E5E6BCB21A12EA1800972580 /* Security.framework */,
				E5E6BCB31A12EA1800972580 /* StoreKit.framework */,
				E5E6BCB41A12EA1800972580 /* SystemConfiguration.framework */,
				E5E6BCA71A12E9C800972580 /* Bolts.framework */,
				E5E6BCA81A12E9C800972580 /* Parse.framework */,
				E5E6BC841A12E86000972580 /* Connect2U */,
				E5E6BC9A1A12E86000972580 /* Connect2UTests */,
				E5E6BC831A12E86000972580 /* Products */,
			);
			sourceTree = "<group>";
		};
		E5E6BC831A12E86000972580 /* Products */ = {
			isa = PBXGroup;
			children = (
				E5E6BC821A12E86000972580 /* Connect2U.app */,
				E5E6BC971A12E86000972580 /* Connect2UTests.xctest */,
			);
			name = Products;
			sourceTree = "<group>";
		};
		E5E6BC841A12E86000972580 /* Connect2U */ = {
			isa = PBXGroup;
			children = (
				E5E6BC871A12E86000972580 /* AppDelegate.swift */,
				E5E6BC891A12E86000972580 /* ViewController.swift */,
				E5AC1CEE1A1C09AE00517A89 /* Main.storyboard */,
				E5E6BC8E1A12E86000972580 /* Images.xcassets */,
				E5BC88551A1C77F000D3D0A5 /* LaunchScreen.storyboard */,
				E5E6BC851A12E86000972580 /* Supporting Files */,
				E5238D441A18A22C00971A24 /* AccountCreationViewController.swift */,
				E50E78141A1B520100AB6940 /* SettingsTableViewController.swift */,
				E5238D461A18A2A400971A24 /* LoggedIn.swift */,
				E5BC88531A1C775700D3D0A5 /* AboutThePersonViewController.swift */,
				E5BC88571A1CB2DF00D3D0A5 /* SetUpMoreInfoTableViewController.swift */,
				E5BE00A71A1D220500543FE8 /* AgeSelectionViewController.swift */,
				E5BE00AD1A1D32AE00543FE8 /* InterestsMainTableViewController.swift */,
			);
			path = Connect2U;
			sourceTree = "<group>";
		};
		E5E6BC851A12E86000972580 /* Supporting Files */ = {
			isa = PBXGroup;
			children = (
				E5BC88511A1C71A300D3D0A5 /* face3.png */,
				E5BC884D1A1C705400D3D0A5 /* face0.png */,
				E5BC8FEB1A1AFFC40059BF75 /* face1.png */,
				E5BC884F1A1C711900D3D0A5 /* face2.png */,
				E54986BB1A1AFB070008E36F /* face_100x100.png */,
				E5238D4A1A18B38900971A24 /* Color_strip.jpg */,
				E5E6BC861A12E86000972580 /* Info.plist */,
			);
			name = "Supporting Files";
			sourceTree = "<group>";
		};
		E5E6BC9A1A12E86000972580 /* Connect2UTests */ = {
			isa = PBXGroup;
			children = (
				E5E6BC9D1A12E86000972580 /* Connect2UTests.swift */,
				E5E6BC9B1A12E86000972580 /* Supporting Files */,
			);
			path = Connect2UTests;
			sourceTree = "<group>";
		};
		E5E6BC9B1A12E86000972580 /* Supporting Files */ = {
			isa = PBXGroup;
			children = (
				E5E6BC9C1A12E86000972580 /* Info.plist */,
			);
			name = "Supporting Files";
			sourceTree = "<group>";
		};
/* End PBXGroup section */

/* Begin PBXNativeTarget section */
		E5E6BC811A12E86000972580 /* Connect2U */ = {
			isa = PBXNativeTarget;
			buildConfigurationList = E5E6BCA11A12E86000972580 /* Build configuration list for PBXNativeTarget "Connect2U" */;
			buildPhases = (
				E5E6BC7E1A12E86000972580 /* Sources */,
				E5E6BC7F1A12E86000972580 /* Frameworks */,
				E5E6BC801A12E86000972580 /* Resources */,
			);
			buildRules = (
			);
			dependencies = (
			);
			name = Connect2U;
			productName = Connect2U;
			productReference = E5E6BC821A12E86000972580 /* Connect2U.app */;
			productType = "com.apple.product-type.application";
		};
		E5E6BC961A12E86000972580 /* Connect2UTests */ = {
			isa = PBXNativeTarget;
			buildConfigurationList = E5E6BCA41A12E86000972580 /* Build configuration list for PBXNativeTarget "Connect2UTests" */;
			buildPhases = (
				E5E6BC931A12E86000972580 /* Sources */,
				E5E6BC941A12E86000972580 /* Frameworks */,
				E5E6BC951A12E86000972580 /* Resources */,
			);
			buildRules = (
			);
			dependencies = (
				E5E6BC991A12E86000972580 /* PBXTargetDependency */,
			);
			name = Connect2UTests;
			productName = Connect2UTests;
			productReference = E5E6BC971A12E86000972580 /* Connect2UTests.xctest */;
			productType = "com.apple.product-type.bundle.unit-test";
		};
/* End PBXNativeTarget section */

/* Begin PBXProject section */
		E5E6BC7A1A12E86000972580 /* Project object */ = {
			isa = PBXProject;
			attributes = {
				LastUpgradeCheck = 0610;
				ORGANIZATIONNAME = com.Cory;
				TargetAttributes = {
					E5E6BC811A12E86000972580 = {
						CreatedOnToolsVersion = 6.1;
						DevelopmentTeam = YM794S99T5;
					};
					E5E6BC961A12E86000972580 = {
						CreatedOnToolsVersion = 6.1;
						TestTargetID = E5E6BC811A12E86000972580;
					};
				};
			};
			buildConfigurationList = E5E6BC7D1A12E86000972580 /* Build configuration list for PBXProject "Connect2U" */;
			compatibilityVersion = "Xcode 3.2";
			developmentRegion = English;
			hasScannedForEncodings = 0;
			knownRegions = (
				en,
				Base,
			);
			mainGroup = E5E6BC791A12E86000972580;
			productRefGroup = E5E6BC831A12E86000972580 /* Products */;
			projectDirPath = "";
			projectRoot = "";
			targets = (
				E5E6BC811A12E86000972580 /* Connect2U */,
				E5E6BC961A12E86000972580 /* Connect2UTests */,
			);
		};
/* End PBXProject section */

/* Begin PBXResourcesBuildPhase section */
		E5E6BC801A12E86000972580 /* Resources */ = {
			isa = PBXResourcesBuildPhase;
			buildActionMask = 2147483647;
			files = (
				E5BC8FEC1A1AFFC40059BF75 /* face1.png in Resources */,
				E5BC884E1A1C705400D3D0A5 /* face0.png in Resources */,
				E5BC88561A1C77F000D3D0A5 /* LaunchScreen.storyboard in Resources */,
				E5BC88521A1C71A300D3D0A5 /* face3.png in Resources */,
				E5238D4B1A18B38900971A24 /* Color_strip.jpg in Resources */,
				E5AC1CF01A1C09AE00517A89 /* Main.storyboard in Resources */,
				E5BC88501A1C711900D3D0A5 /* face2.png in Resources */,
				E5E6BC8F1A12E86000972580 /* Images.xcassets in Resources */,
				E54986BC1A1AFB070008E36F /* face_100x100.png in Resources */,
			);
			runOnlyForDeploymentPostprocessing = 0;
		};
		E5E6BC951A12E86000972580 /* Resources */ = {
			isa = PBXResourcesBuildPhase;
			buildActionMask = 2147483647;
			files = (
			);
			runOnlyForDeploymentPostprocessing = 0;
		};
/* End PBXResourcesBuildPhase section */

/* Begin PBXSourcesBuildPhase section */
		E5E6BC7E1A12E86000972580 /* Sources */ = {
			isa = PBXSourcesBuildPhase;
			buildActionMask = 2147483647;
			files = (
				E5E6BC8A1A12E86000972580 /* ViewController.swift in Sources */,
				E5BC88541A1C775700D3D0A5 /* AboutThePersonViewController.swift in Sources */,
				E5BE00A81A1D220500543FE8 /* AgeSelectionViewController.swift in Sources */,
				E50E78151A1B520100AB6940 /* SettingsTableViewController.swift in Sources */,
				E5238D451A18A22C00971A24 /* AccountCreationViewController.swift in Sources */,
				E5BC88581A1CB2DF00D3D0A5 /* SetUpMoreInfoTableViewController.swift in Sources */,
				E5238D471A18A2A400971A24 /* LoggedIn.swift in Sources */,
				E5BE00AE1A1D32AE00543FE8 /* InterestsMainTableViewController.swift in Sources */,
				E5E6BC881A12E86000972580 /* AppDelegate.swift in Sources */,
			);
			runOnlyForDeploymentPostprocessing = 0;
		};
		E5E6BC931A12E86000972580 /* Sources */ = {
			isa = PBXSourcesBuildPhase;
			buildActionMask = 2147483647;
			files = (
				E5E6BC9E1A12E86000972580 /* Connect2UTests.swift in Sources */,
			);
			runOnlyForDeploymentPostprocessing = 0;
		};
/* End PBXSourcesBuildPhase section */

/* Begin PBXTargetDependency section */
		E5E6BC991A12E86000972580 /* PBXTargetDependency */ = {
			isa = PBXTargetDependency;
			target = E5E6BC811A12E86000972580 /* Connect2U */;
			targetProxy = E5E6BC981A12E86000972580 /* PBXContainerItemProxy */;
		};
/* End PBXTargetDependency section */

/* Begin PBXVariantGroup section */
		E5AC1CEE1A1C09AE00517A89 /* Main.storyboard */ = {
			isa = PBXVariantGroup;
			children = (
				E5AC1CEF1A1C09AE00517A89 /* Base */,
			);
			name = Main.storyboard;
			sourceTree = "<group>";
		};
/* End PBXVariantGroup section */

/* Begin XCBuildConfiguration section */
		E5E6BC9F1A12E86000972580 /* Debug */ = {
			isa = XCBuildConfiguration;
			buildSettings = {
				ALWAYS_SEARCH_USER_PATHS = NO;
				CLANG_CXX_LANGUAGE_STANDARD = "gnu++0x";
				CLANG_CXX_LIBRARY = "libc++";
				CLANG_ENABLE_MODULES = YES;
				CLANG_ENABLE_OBJC_ARC = YES;
				CLANG_WARN_BOOL_CONVERSION = YES;
				CLANG_WARN_CONSTANT_CONVERSION = YES;
				CLANG_WARN_DIRECT_OBJC_ISA_USAGE = YES_ERROR;
				CLANG_WARN_EMPTY_BODY = YES;
				CLANG_WARN_ENUM_CONVERSION = YES;
				CLANG_WARN_INT_CONVERSION = YES;
				CLANG_WARN_OBJC_ROOT_CLASS = YES_ERROR;
				CLANG_WARN_UNREACHABLE_CODE = YES;
				CLANG_WARN__DUPLICATE_METHOD_MATCH = YES;
				"CODE_SIGN_IDENTITY[sdk=iphoneos*]" = "iPhone Developer";
				COPY_PHASE_STRIP = NO;
				ENABLE_STRICT_OBJC_MSGSEND = YES;
				GCC_C_LANGUAGE_STANDARD = gnu99;
				GCC_DYNAMIC_NO_PIC = NO;
				GCC_OPTIMIZATION_LEVEL = 0;
				GCC_PREPROCESSOR_DEFINITIONS = (
					"DEBUG=1",
					"$(inherited)",
				);
				GCC_SYMBOLS_PRIVATE_EXTERN = NO;
				GCC_WARN_64_TO_32_BIT_CONVERSION = YES;
				GCC_WARN_ABOUT_RETURN_TYPE = YES_ERROR;
				GCC_WARN_UNDECLARED_SELECTOR = YES;
				GCC_WARN_UNINITIALIZED_AUTOS = YES_AGGRESSIVE;
				GCC_WARN_UNUSED_FUNCTION = YES;
				GCC_WARN_UNUSED_VARIABLE = YES;
				IPHONEOS_DEPLOYMENT_TARGET = 8.1;
				MTL_ENABLE_DEBUG_INFO = YES;
				ONLY_ACTIVE_ARCH = YES;
				SDKROOT = iphoneos;
				SWIFT_OPTIMIZATION_LEVEL = "-Onone";
			};
			name = Debug;
		};
		E5E6BCA01A12E86000972580 /* Release */ = {
			isa = XCBuildConfiguration;
			buildSettings = {
				ALWAYS_SEARCH_USER_PATHS = NO;
				CLANG_CXX_LANGUAGE_STANDARD = "gnu++0x";
				CLANG_CXX_LIBRARY = "libc++";
				CLANG_ENABLE_MODULES = YES;
				CLANG_ENABLE_OBJC_ARC = YES;
				CLANG_WARN_BOOL_CONVERSION = YES;
				CLANG_WARN_CONSTANT_CONVERSION = YES;
				CLANG_WARN_DIRECT_OBJC_ISA_USAGE = YES_ERROR;
				CLANG_WARN_EMPTY_BODY = YES;
				CLANG_WARN_ENUM_CONVERSION = YES;
				CLANG_WARN_INT_CONVERSION = YES;
				CLANG_WARN_OBJC_ROOT_CLASS = YES_ERROR;
				CLANG_WARN_UNREACHABLE_CODE = YES;
				CLANG_WARN__DUPLICATE_METHOD_MATCH = YES;
				"CODE_SIGN_IDENTITY[sdk=iphoneos*]" = "iPhone Developer";
				COPY_PHASE_STRIP = YES;
				ENABLE_NS_ASSERTIONS = NO;
				ENABLE_STRICT_OBJC_MSGSEND = YES;
				GCC_C_LANGUAGE_STANDARD = gnu99;
				GCC_WARN_64_TO_32_BIT_CONVERSION = YES;
				GCC_WARN_ABOUT_RETURN_TYPE = YES_ERROR;
				GCC_WARN_UNDECLARED_SELECTOR = YES;
				GCC_WARN_UNINITIALIZED_AUTOS = YES_AGGRESSIVE;
				GCC_WARN_UNUSED_FUNCTION = YES;
				GCC_WARN_UNUSED_VARIABLE = YES;
				IPHONEOS_DEPLOYMENT_TARGET = 8.1;
				MTL_ENABLE_DEBUG_INFO = NO;
				SDKROOT = iphoneos;
				VALIDATE_PRODUCT = YES;
			};
			name = Release;
		};
		E5E6BCA21A12E86000972580 /* Debug */ = {
			isa = XCBuildConfiguration;
			buildSettings = {
				ASSETCATALOG_COMPILER_APPICON_NAME = AppIcon;
				CODE_SIGN_IDENTITY = "iPhone Developer";
				"CODE_SIGN_IDENTITY[sdk=iphoneos*]" = "iPhone Developer";
				FRAMEWORK_SEARCH_PATHS = (
					"$(inherited)",
					"/Users/corygreen/Desktop/parse-library-1.5.0",
				);
				INFOPLIST_FILE = Connect2U/Info.plist;
				LD_RUNPATH_SEARCH_PATHS = "$(inherited) @executable_path/Frameworks";
				PRODUCT_NAME = "$(TARGET_NAME)";
				PROVISIONING_PROFILE = "";
			};
			name = Debug;
		};
		E5E6BCA31A12E86000972580 /* Release */ = {
			isa = XCBuildConfiguration;
			buildSettings = {
				ASSETCATALOG_COMPILER_APPICON_NAME = AppIcon;
				CODE_SIGN_IDENTITY = "iPhone Developer";
				"CODE_SIGN_IDENTITY[sdk=iphoneos*]" = "iPhone Developer";
				FRAMEWORK_SEARCH_PATHS = (
					"$(inherited)",
					"/Users/corygreen/Desktop/parse-library-1.5.0",
				);
				INFOPLIST_FILE = Connect2U/Info.plist;
				LD_RUNPATH_SEARCH_PATHS = "$(inherited) @executable_path/Frameworks";
				PRODUCT_NAME = "$(TARGET_NAME)";
				PROVISIONING_PROFILE = "";
			};
			name = Release;
		};
		E5E6BCA51A12E86000972580 /* Debug */ = {
			isa = XCBuildConfiguration;
			buildSettings = {
				BUNDLE_LOADER = "$(TEST_HOST)";
				FRAMEWORK_SEARCH_PATHS = (
					"$(SDKROOT)/Developer/Library/Frameworks",
					"$(inherited)",
				);
				GCC_PREPROCESSOR_DEFINITIONS = (
					"DEBUG=1",
					"$(inherited)",
				);
				INFOPLIST_FILE = Connect2UTests/Info.plist;
				LD_RUNPATH_SEARCH_PATHS = "$(inherited) @executable_path/Frameworks @loader_path/Frameworks";
				PRODUCT_NAME = "$(TARGET_NAME)";
				TEST_HOST = "$(BUILT_PRODUCTS_DIR)/Connect2U.app/Connect2U";
			};
			name = Debug;
		};
		E5E6BCA61A12E86000972580 /* Release */ = {
			isa = XCBuildConfiguration;
			buildSettings = {
				BUNDLE_LOADER = "$(TEST_HOST)";
				FRAMEWORK_SEARCH_PATHS = (
					"$(SDKROOT)/Developer/Library/Frameworks",
					"$(inherited)",
				);
				INFOPLIST_FILE = Connect2UTests/Info.plist;
				LD_RUNPATH_SEARCH_PATHS = "$(inherited) @executable_path/Frameworks @loader_path/Frameworks";
				PRODUCT_NAME = "$(TARGET_NAME)";
				TEST_HOST = "$(BUILT_PRODUCTS_DIR)/Connect2U.app/Connect2U";
			};
			name = Release;
		};
/* End XCBuildConfiguration section */

/* Begin XCConfigurationList section */
		E5E6BC7D1A12E86000972580 /* Build configuration list for PBXProject "Connect2U" */ = {
			isa = XCConfigurationList;
			buildConfigurations = (
				E5E6BC9F1A12E86000972580 /* Debug */,
				E5E6BCA01A12E86000972580 /* Release */,
			);
			defaultConfigurationIsVisible = 0;
			defaultConfigurationName = Release;
		};
		E5E6BCA11A12E86000972580 /* Build configuration list for PBXNativeTarget "Connect2U" */ = {
			isa = XCConfigurationList;
			buildConfigurations = (
				E5E6BCA21A12E86000972580 /* Debug */,
				E5E6BCA31A12E86000972580 /* Release */,
			);
			defaultConfigurationIsVisible = 0;
			defaultConfigurationName = Release;
		};
		E5E6BCA41A12E86000972580 /* Build configuration list for PBXNativeTarget "Connect2UTests" */ = {
			isa = XCConfigurationList;
			buildConfigurations = (
				E5E6BCA51A12E86000972580 /* Debug */,
				E5E6BCA61A12E86000972580 /* Release */,
			);
			defaultConfigurationIsVisible = 0;
			defaultConfigurationName = Release;
		};
/* End XCConfigurationList section */
	};
	rootObject = E5E6BC7A1A12E86000972580 /* Project object */;
}
